
Microsoft Visual Studio Solution File, Format Version 10.00
# Visual Studio 2008
Project("{FAE04EC0-301F-11D3-BF4B-00C04F79EFBC}") = "SiteMapLite", "Core\SiteMapLite.csproj", "{C1E83206-1968-4738-B58E-0F28B7BCDD44}"
EndProject
Project("{FAE04EC0-301F-11D3-BF4B-00C04F79EFBC}") = "Tests", "Tests\Tests.csproj", "{9B74C1B6-1740-4FA9-BF13-77D73748C29A}"
EndProject
Project("{FAE04EC0-301F-11D3-BF4B-00C04F79EFBC}") = "Sample", "Sample\Sample.csproj", "{06D50CAB-5367-4728-A9C2-C1285060E99D}"
EndProject
Global
	GlobalSection(SolutionConfigurationPlatforms) = preSolution
		Debug|Any CPU = Debug|Any CPU
		Release|Any CPU = Release|Any CPU
	EndGlobalSection
	GlobalSection(ProjectConfigurationPlatforms) = postSolution
		{C1E83206-1968-4738-B58E-0F28B7BCDD44}.Debug|Any CPU.ActiveCfg = Debug|Any CPU
		{C1E83206-1968-4738-B58E-0F28B7BCDD44}.Debug|Any CPU.Build.0 = Debug|Any CPU
		{C1E83206-1968-4738-B58E-0F28B7BCDD44}.Release|Any CPU.ActiveCfg = Release|Any CPU
		{C1E83206-1968-4738-B58E-0F28B7BCDD44}.Release|Any CPU.Build.0 = Release|Any CPU
		{9B74C1B6-1740-4FA9-BF13-77D73748C29A}.Debug|Any CPU.ActiveCfg = Debug|Any CPU
		{9B74C1B6-1740-4FA9-BF13-77D73748C29A}.Debug|Any CPU.Build.0 = Debug|Any CPU
		{9B74C1B6-1740-4FA9-BF13-77D73748C29A}.Release|Any CPU.ActiveCfg = Release|Any CPU
		{9B74C1B6-1740-4FA9-BF13-77D73748C29A}.Release|Any CPU.Build.0 = Release|Any CPU
		{06D50CAB-5367-4728-A9C2-C1285060E99D}.Debug|Any CPU.ActiveCfg = Debug|Any CPU
		{06D50CAB-5367-4728-A9C2-C1285060E99D}.Debug|Any CPU.Build.0 = Debug|Any CPU
		{06D50CAB-5367-4728-A9C2-C1285060E99D}.Release|Any CPU.ActiveCfg = Release|Any CPU
		{06D50CAB-5367-4728-A9C2-C1285060E99D}.Release|Any CPU.Build.0 = Release|Any CPU
	EndGlobalSection
	GlobalSection(SolutionProperties) = preSolution
		HideSolutionNode = FALSE
	EndGlobalSection
EndGlobal
